
Microsoft Visual Studio Solution File, Format Version 12.00
# Visual Studio Version 16
VisualStudioVersion = 16.0.28922.388
MinimumVisualStudioVersion = 10.0.40219.1
Project("{9A19103F-16F7-4668-BE54-9A1E7A4F7556}") = "_build", "build\_build.csproj", "{3B07EE3C-EEB3-4C09-9BA0-7041D2D87C2B}"
EndProject
Project("{9A19103F-16F7-4668-BE54-9A1E7A4F7556}") = "ElectricityRevitPlugin", "ElectricityRevitPlugin\ElectricityRevitPlugin.csproj", "{C2560EDD-A8FD-4EDE-9B81-13FA79F9FFFB}"
EndProject
Project("{9A19103F-16F7-4668-BE54-9A1E7A4F7556}") = "Diagrams", "Commands\OneLineDiagram\Diagrams.csproj", "{DF281064-7D13-4E41-8648-FA6EE1073A74}"
EndProject
Project("{FAE04EC0-301F-11D3-BF4B-00C04F79EFBC}") = "CommonUtils", "Shared\CommonUtils\CommonUtils.csproj", "{40D08074-22B1-498A-8101-86BF1315FFA1}"
EndProject
Project("{FAE04EC0-301F-11D3-BF4B-00C04F79EFBC}") = "ElectricalLoadsExportToExcel", "Commands\ElectricalLoadsExportToExcel\ElectricalLoadsExportToExcel.csproj", "{FE6F471F-0F88-4D24-9A6A-EE8BF4A9B0A9}"
EndProject
Project("{FAE04EC0-301F-11D3-BF4B-00C04F79EFBC}") = "ElectricalLoadsImportFromExcel", "Commands\ElectricalLoadsImportFromExcel\ElectricalLoadsImportFromExcel.csproj", "{19E5F9C4-0EF9-48C0-8015-A50466E677CE}"
EndProject
Project("{FAE04EC0-301F-11D3-BF4B-00C04F79EFBC}") = "MarkingElectricalSystems", "Commands\MarkingElectricalSystems\MarkingElectricalSystems.csproj", "{6676418B-F6D2-4BDE-A21A-5DCEDEE0159B}"
EndProject
Project("{2150E333-8FDC-42A3-9474-1A3956D46DE8}") = "Commands", "Commands", "{B1F4DBB3-A09B-4BC4-9F58-798F52520233}"
EndProject
Project("{2150E333-8FDC-42A3-9474-1A3956D46DE8}") = "SolutionFolder", "SolutionFolder", "{FFB3DE09-634C-4BE6-8D6D-8D738E9362FB}"
	ProjectSection(SolutionItems) = preProject
		Directory.Build.props = Directory.Build.props
		.gitignore = .gitignore
		README.md = README.md
		.github\workflows\Compile.yml = .github\workflows\Compile.yml
	EndProjectSection
EndProject
Project("{2150E333-8FDC-42A3-9474-1A3956D46DE8}") = "Shared", "Shared", "{201C15FB-A2D7-4C9A-ACA2-202BF2C607F4}"
EndProject
Project("{FAE04EC0-301F-11D3-BF4B-00C04F79EFBC}") = "ElectricityRevitPluginApp", "ElectricityRevitPluginApp\ElectricityRevitPluginApp.csproj", "{BD93EF6F-3A58-4497-936A-A05DCE0A3CA7}"
EndProject
Project("{FAE04EC0-301F-11D3-BF4B-00C04F79EFBC}") = "ShieldPanel", "Commands\ShieldPanel\ShieldPanel.csproj", "{77402C35-F92A-44A9-88E6-8A1A69C80115}"
EndProject
Project("{FAE04EC0-301F-11D3-BF4B-00C04F79EFBC}") = "GroupByGost", "Commands\GroupByGost\GroupByGost.csproj", "{55C5F5C9-2E1A-4BE9-8EEF-5C20572BACDB}"
EndProject
Project("{FAE04EC0-301F-11D3-BF4B-00C04F79EFBC}") = "GeneralSubjectDiagram", "Commands\GeneralSubjectDiagram\GeneralSubjectDiagram.csproj", "{2706AB72-9DE7-466C-A15A-958391FD1696}"
EndProject
Project("{FAE04EC0-301F-11D3-BF4B-00C04F79EFBC}") = "PhaseDistribution", "Commands\PhaseDistribution\PhaseDistribution.csproj", "{902429DC-4147-43FD-B7C8-491A2A399047}"
EndProject
Project("{FAE04EC0-301F-11D3-BF4B-00C04F79EFBC}") = "ShortCircuits", "Commands\ShortCircuits\ShortCircuits.csproj", "{07A3CA0B-8684-4B46-964E-28E9369C7367}"
EndProject
Project("{2150E333-8FDC-42A3-9474-1A3956D46DE8}") = "RevitTemplate", "RevitTemplate", "{95A578A1-28B2-4F2C-B7E6-77851340EC8A}"
	ProjectSection(SolutionItems) = preProject
		RevitTemplate\REVIT_Parameters.txt = RevitTemplate\REVIT_Parameters.txt
		RevitTemplate\Шаблон_ЭОМ.rvt = RevitTemplate\Шаблон_ЭОМ.rvt
	EndProjectSection
EndProject
Project("{FAE04EC0-301F-11D3-BF4B-00C04F79EFBC}") = "RevitParametersCodeGenerator", "RevitParametersCodeGenerater\RevitParametersCodeGenerator.csproj", "{E34C2E6B-CAAE-4B7A-B7CC-28EC64D9869E}"
EndProject
Project("{FAE04EC0-301F-11D3-BF4B-00C04F79EFBC}") = "CountFixturesInSpaceCmd", "Commands\CountFixturesInSpaceCmd\CountFixturesInSpaceCmd.csproj", "{9BA0F798-6563-4294-BBA4-BDFE1F9A86C6}"
EndProject
Project("{FAE04EC0-301F-11D3-BF4B-00C04F79EFBC}") = "ElectricityRevitPlugin.UI", "Shared\ElectricityRevitPlugin.UI\ElectricityRevitPlugin.UI.csproj", "{A5BAB238-39DD-4580-9DCA-18EC2195CF15}"
EndProject
Project("{2150E333-8FDC-42A3-9474-1A3956D46DE8}") = "Sample", "Sample", "{F0ADACA1-61C1-46BD-A172-43DFCA365BB9}"
EndProject
Project("{FAE04EC0-301F-11D3-BF4B-00C04F79EFBC}") = "ElectricityRevitPlugin.SampleUI", "Sample\ElectricityRevitPlugin.SampleUI\ElectricityRevitPlugin.SampleUI.csproj", "{908F4F0C-330C-40D4-8751-407740553B5A}"
EndProject
Project("{2150E333-8FDC-42A3-9474-1A3956D46DE8}") = "Tests", "Tests", "{16F0909F-4B74-4415-BC2A-0D522F0BA3B4}"
EndProject
Project("{FAE04EC0-301F-11D3-BF4B-00C04F79EFBC}") = "ElectricityRevitPlugin.ArchTests", "Tests\ElectricityRevitPlugin.ArchTests\ElectricityRevitPlugin.ArchTests.csproj", "{4F54DF14-688B-48D6-8FC8-958A37CAC6D2}"
EndProject
Global
	GlobalSection(SolutionConfigurationPlatforms) = preSolution
		Release|Any CPU = Release|Any CPU
		Debug|Any CPU = Debug|Any CPU
		Debug R24|Any CPU = Debug R24|Any CPU
		Debug R22|Any CPU = Debug R22|Any CPU
	EndGlobalSection
	GlobalSection(ProjectConfigurationPlatforms) = postSolution
		{3B07EE3C-EEB3-4C09-9BA0-7041D2D87C2B}.Release|Any CPU.ActiveCfg = Release|Any CPU
		{3B07EE3C-EEB3-4C09-9BA0-7041D2D87C2B}.Debug|Any CPU.ActiveCfg = Debug|Any CPU
		{3B07EE3C-EEB3-4C09-9BA0-7041D2D87C2B}.Debug R24|Any CPU.ActiveCfg = Debug R24|Any CPU
		{3B07EE3C-EEB3-4C09-9BA0-7041D2D87C2B}.Debug R22|Any CPU.ActiveCfg = Debug R22|Any CPU
		{40D08074-22B1-498A-8101-86BF1315FFA1}.Release|Any CPU.ActiveCfg = Release|Any CPU
		{40D08074-22B1-498A-8101-86BF1315FFA1}.Release|Any CPU.Build.0 = Release|Any CPU
		{40D08074-22B1-498A-8101-86BF1315FFA1}.Debug|Any CPU.ActiveCfg = Debug|Any CPU
		{40D08074-22B1-498A-8101-86BF1315FFA1}.Debug|Any CPU.Build.0 = Debug|Any CPU
		{40D08074-22B1-498A-8101-86BF1315FFA1}.Debug R24|Any CPU.ActiveCfg = Debug R24|Any CPU
		{40D08074-22B1-498A-8101-86BF1315FFA1}.Debug R24|Any CPU.Build.0 = Debug R24|Any CPU
		{40D08074-22B1-498A-8101-86BF1315FFA1}.Debug R22|Any CPU.ActiveCfg = Debug R22|Any CPU
		{40D08074-22B1-498A-8101-86BF1315FFA1}.Debug R22|Any CPU.Build.0 = Debug R22|Any CPU
		{DF281064-7D13-4E41-8648-FA6EE1073A74}.Release|Any CPU.ActiveCfg = Release|Any CPU
		{DF281064-7D13-4E41-8648-FA6EE1073A74}.Release|Any CPU.Build.0 = Release|Any CPU
		{DF281064-7D13-4E41-8648-FA6EE1073A74}.Debug|Any CPU.ActiveCfg = Debug|Any CPU
		{DF281064-7D13-4E41-8648-FA6EE1073A74}.Debug|Any CPU.Build.0 = Debug|Any CPU
		{DF281064-7D13-4E41-8648-FA6EE1073A74}.Debug R24|Any CPU.ActiveCfg = Debug R24|Any CPU
		{DF281064-7D13-4E41-8648-FA6EE1073A74}.Debug R24|Any CPU.Build.0 = Debug R24|Any CPU
		{DF281064-7D13-4E41-8648-FA6EE1073A74}.Debug R22|Any CPU.ActiveCfg = Debug R22|Any CPU
		{DF281064-7D13-4E41-8648-FA6EE1073A74}.Debug R22|Any CPU.Build.0 = Debug R22|Any CPU
		{FE6F471F-0F88-4D24-9A6A-EE8BF4A9B0A9}.Release|Any CPU.ActiveCfg = Release|Any CPU
		{FE6F471F-0F88-4D24-9A6A-EE8BF4A9B0A9}.Release|Any CPU.Build.0 = Release|Any CPU
		{FE6F471F-0F88-4D24-9A6A-EE8BF4A9B0A9}.Debug|Any CPU.ActiveCfg = Debug|Any CPU
		{FE6F471F-0F88-4D24-9A6A-EE8BF4A9B0A9}.Debug|Any CPU.Build.0 = Debug|Any CPU
		{FE6F471F-0F88-4D24-9A6A-EE8BF4A9B0A9}.Debug R24|Any CPU.ActiveCfg = Debug R24|Any CPU
		{FE6F471F-0F88-4D24-9A6A-EE8BF4A9B0A9}.Debug R24|Any CPU.Build.0 = Debug R24|Any CPU
		{FE6F471F-0F88-4D24-9A6A-EE8BF4A9B0A9}.Debug R22|Any CPU.ActiveCfg = Debug R22|Any CPU
		{FE6F471F-0F88-4D24-9A6A-EE8BF4A9B0A9}.Debug R22|Any CPU.Build.0 = Debug R22|Any CPU
		{19E5F9C4-0EF9-48C0-8015-A50466E677CE}.Release|Any CPU.ActiveCfg = Release|Any CPU
		{19E5F9C4-0EF9-48C0-8015-A50466E677CE}.Release|Any CPU.Build.0 = Release|Any CPU
		{19E5F9C4-0EF9-48C0-8015-A50466E677CE}.Debug|Any CPU.ActiveCfg = Debug|Any CPU
		{19E5F9C4-0EF9-48C0-8015-A50466E677CE}.Debug|Any CPU.Build.0 = Debug|Any CPU
		{19E5F9C4-0EF9-48C0-8015-A50466E677CE}.Debug R24|Any CPU.ActiveCfg = Debug R24|Any CPU
		{19E5F9C4-0EF9-48C0-8015-A50466E677CE}.Debug R24|Any CPU.Build.0 = Debug R24|Any CPU
		{19E5F9C4-0EF9-48C0-8015-A50466E677CE}.Debug R22|Any CPU.ActiveCfg = Debug R22|Any CPU
		{19E5F9C4-0EF9-48C0-8015-A50466E677CE}.Debug R22|Any CPU.Build.0 = Debug R22|Any CPU
		{C2560EDD-A8FD-4EDE-9B81-13FA79F9FFFB}.Release|Any CPU.ActiveCfg = Release|Any CPU
		{C2560EDD-A8FD-4EDE-9B81-13FA79F9FFFB}.Release|Any CPU.Build.0 = Release|Any CPU
		{C2560EDD-A8FD-4EDE-9B81-13FA79F9FFFB}.Debug|Any CPU.ActiveCfg = Debug|Any CPU
		{C2560EDD-A8FD-4EDE-9B81-13FA79F9FFFB}.Debug|Any CPU.Build.0 = Debug|Any CPU
		{C2560EDD-A8FD-4EDE-9B81-13FA79F9FFFB}.Debug R24|Any CPU.ActiveCfg = Debug R24|Any CPU
		{C2560EDD-A8FD-4EDE-9B81-13FA79F9FFFB}.Debug R24|Any CPU.Build.0 = Debug R24|Any CPU
		{C2560EDD-A8FD-4EDE-9B81-13FA79F9FFFB}.Debug R22|Any CPU.ActiveCfg = Debug R22|Any CPU
		{C2560EDD-A8FD-4EDE-9B81-13FA79F9FFFB}.Debug R22|Any CPU.Build.0 = Debug R22|Any CPU
		{BD93EF6F-3A58-4497-936A-A05DCE0A3CA7}.Release|Any CPU.ActiveCfg = Release|Any CPU
		{BD93EF6F-3A58-4497-936A-A05DCE0A3CA7}.Release|Any CPU.Build.0 = Release|Any CPU
		{BD93EF6F-3A58-4497-936A-A05DCE0A3CA7}.Debug|Any CPU.ActiveCfg = Debug|Any CPU
		{BD93EF6F-3A58-4497-936A-A05DCE0A3CA7}.Debug|Any CPU.Build.0 = Debug|Any CPU
		{BD93EF6F-3A58-4497-936A-A05DCE0A3CA7}.Debug R24|Any CPU.ActiveCfg = Debug R24|Any CPU
		{BD93EF6F-3A58-4497-936A-A05DCE0A3CA7}.Debug R24|Any CPU.Build.0 = Debug R24|Any CPU
		{BD93EF6F-3A58-4497-936A-A05DCE0A3CA7}.Debug R22|Any CPU.ActiveCfg = Debug R22|Any CPU
		{BD93EF6F-3A58-4497-936A-A05DCE0A3CA7}.Debug R22|Any CPU.Build.0 = Debug R22|Any CPU
		{6676418B-F6D2-4BDE-A21A-5DCEDEE0159B}.Release|Any CPU.ActiveCfg = Release|Any CPU
		{6676418B-F6D2-4BDE-A21A-5DCEDEE0159B}.Release|Any CPU.Build.0 = Release|Any CPU
		{6676418B-F6D2-4BDE-A21A-5DCEDEE0159B}.Debug|Any CPU.ActiveCfg = Debug|Any CPU
		{6676418B-F6D2-4BDE-A21A-5DCEDEE0159B}.Debug|Any CPU.Build.0 = Debug|Any CPU
		{6676418B-F6D2-4BDE-A21A-5DCEDEE0159B}.Debug R24|Any CPU.ActiveCfg = Debug R24|Any CPU
		{6676418B-F6D2-4BDE-A21A-5DCEDEE0159B}.Debug R24|Any CPU.Build.0 = Debug R24|Any CPU
		{6676418B-F6D2-4BDE-A21A-5DCEDEE0159B}.Debug R22|Any CPU.ActiveCfg = Debug R22|Any CPU
		{6676418B-F6D2-4BDE-A21A-5DCEDEE0159B}.Debug R22|Any CPU.Build.0 = Debug R22|Any CPU
		{77402C35-F92A-44A9-88E6-8A1A69C80115}.Release|Any CPU.ActiveCfg = Release|Any CPU
		{77402C35-F92A-44A9-88E6-8A1A69C80115}.Release|Any CPU.Build.0 = Release|Any CPU
		{77402C35-F92A-44A9-88E6-8A1A69C80115}.Debug|Any CPU.ActiveCfg = Debug|Any CPU
		{77402C35-F92A-44A9-88E6-8A1A69C80115}.Debug|Any CPU.Build.0 = Debug|Any CPU
		{77402C35-F92A-44A9-88E6-8A1A69C80115}.Debug R24|Any CPU.ActiveCfg = Debug R24|Any CPU
		{77402C35-F92A-44A9-88E6-8A1A69C80115}.Debug R24|Any CPU.Build.0 = Debug R24|Any CPU
		{77402C35-F92A-44A9-88E6-8A1A69C80115}.Debug R22|Any CPU.ActiveCfg = Debug R22|Any CPU
		{77402C35-F92A-44A9-88E6-8A1A69C80115}.Debug R22|Any CPU.Build.0 = Debug R22|Any CPU
		{55C5F5C9-2E1A-4BE9-8EEF-5C20572BACDB}.Release|Any CPU.ActiveCfg = Release|Any CPU
		{55C5F5C9-2E1A-4BE9-8EEF-5C20572BACDB}.Release|Any CPU.Build.0 = Release|Any CPU
		{55C5F5C9-2E1A-4BE9-8EEF-5C20572BACDB}.Debug|Any CPU.ActiveCfg = Debug|Any CPU
		{55C5F5C9-2E1A-4BE9-8EEF-5C20572BACDB}.Debug|Any CPU.Build.0 = Debug|Any CPU
		{55C5F5C9-2E1A-4BE9-8EEF-5C20572BACDB}.Debug R24|Any CPU.ActiveCfg = Debug R24|Any CPU
		{55C5F5C9-2E1A-4BE9-8EEF-5C20572BACDB}.Debug R24|Any CPU.Build.0 = Debug R24|Any CPU
		{55C5F5C9-2E1A-4BE9-8EEF-5C20572BACDB}.Debug R22|Any CPU.ActiveCfg = Debug R22|Any CPU
		{55C5F5C9-2E1A-4BE9-8EEF-5C20572BACDB}.Debug R22|Any CPU.Build.0 = Debug R22|Any CPU
		{2706AB72-9DE7-466C-A15A-958391FD1696}.Release|Any CPU.ActiveCfg = Release|Any CPU
		{2706AB72-9DE7-466C-A15A-958391FD1696}.Release|Any CPU.Build.0 = Release|Any CPU
		{2706AB72-9DE7-466C-A15A-958391FD1696}.Debug|Any CPU.ActiveCfg = Debug|Any CPU
		{2706AB72-9DE7-466C-A15A-958391FD1696}.Debug|Any CPU.Build.0 = Debug|Any CPU
		{2706AB72-9DE7-466C-A15A-958391FD1696}.Debug R24|Any CPU.ActiveCfg = Debug R24|Any CPU
		{2706AB72-9DE7-466C-A15A-958391FD1696}.Debug R24|Any CPU.Build.0 = Debug R24|Any CPU
		{2706AB72-9DE7-466C-A15A-958391FD1696}.Debug R22|Any CPU.ActiveCfg = Debug R22|Any CPU
		{2706AB72-9DE7-466C-A15A-958391FD1696}.Debug R22|Any CPU.Build.0 = Debug R22|Any CPU
		{902429DC-4147-43FD-B7C8-491A2A399047}.Release|Any CPU.ActiveCfg = Release|Any CPU
		{902429DC-4147-43FD-B7C8-491A2A399047}.Release|Any CPU.Build.0 = Release|Any CPU
		{902429DC-4147-43FD-B7C8-491A2A399047}.Debug|Any CPU.ActiveCfg = Debug|Any CPU
		{902429DC-4147-43FD-B7C8-491A2A399047}.Debug|Any CPU.Build.0 = Debug|Any CPU
		{902429DC-4147-43FD-B7C8-491A2A399047}.Debug R24|Any CPU.ActiveCfg = Debug|Any CPU
		{902429DC-4147-43FD-B7C8-491A2A399047}.Debug R24|Any CPU.Build.0 = Debug|Any CPU
		{902429DC-4147-43FD-B7C8-491A2A399047}.Debug R22|Any CPU.ActiveCfg = Debug|Any CPU
		{902429DC-4147-43FD-B7C8-491A2A399047}.Debug R22|Any CPU.Build.0 = Debug|Any CPU
		{07A3CA0B-8684-4B46-964E-28E9369C7367}.Release|Any CPU.ActiveCfg = Release|Any CPU
		{07A3CA0B-8684-4B46-964E-28E9369C7367}.Release|Any CPU.Build.0 = Release|Any CPU
		{07A3CA0B-8684-4B46-964E-28E9369C7367}.Debug|Any CPU.ActiveCfg = Debug|Any CPU
		{07A3CA0B-8684-4B46-964E-28E9369C7367}.Debug|Any CPU.Build.0 = Debug|Any CPU
		{07A3CA0B-8684-4B46-964E-28E9369C7367}.Debug R24|Any CPU.ActiveCfg = Debug|Any CPU
		{07A3CA0B-8684-4B46-964E-28E9369C7367}.Debug R24|Any CPU.Build.0 = Debug|Any CPU
		{07A3CA0B-8684-4B46-964E-28E9369C7367}.Debug R22|Any CPU.ActiveCfg = Debug|Any CPU
		{07A3CA0B-8684-4B46-964E-28E9369C7367}.Debug R22|Any CPU.Build.0 = Debug|Any CPU
		{E34C2E6B-CAAE-4B7A-B7CC-28EC64D9869E}.Release|Any CPU.ActiveCfg = Release|Any CPU
		{E34C2E6B-CAAE-4B7A-B7CC-28EC64D9869E}.Release|Any CPU.Build.0 = Release|Any CPU
		{E34C2E6B-CAAE-4B7A-B7CC-28EC64D9869E}.Debug|Any CPU.ActiveCfg = Debug|Any CPU
		{E34C2E6B-CAAE-4B7A-B7CC-28EC64D9869E}.Debug|Any CPU.Build.0 = Debug|Any CPU
		{E34C2E6B-CAAE-4B7A-B7CC-28EC64D9869E}.Debug R24|Any CPU.ActiveCfg = Debug|Any CPU
		{E34C2E6B-CAAE-4B7A-B7CC-28EC64D9869E}.Debug R24|Any CPU.Build.0 = Debug|Any CPU
		{E34C2E6B-CAAE-4B7A-B7CC-28EC64D9869E}.Debug R22|Any CPU.ActiveCfg = Debug|Any CPU
		{E34C2E6B-CAAE-4B7A-B7CC-28EC64D9869E}.Debug R22|Any CPU.Build.0 = Debug|Any CPU
		{9BA0F798-6563-4294-BBA4-BDFE1F9A86C6}.Release|Any CPU.ActiveCfg = Release|Any CPU
		{9BA0F798-6563-4294-BBA4-BDFE1F9A86C6}.Release|Any CPU.Build.0 = Release|Any CPU
		{9BA0F798-6563-4294-BBA4-BDFE1F9A86C6}.Debug|Any CPU.ActiveCfg = Debug|Any CPU
		{9BA0F798-6563-4294-BBA4-BDFE1F9A86C6}.Debug|Any CPU.Build.0 = Debug|Any CPU
		{9BA0F798-6563-4294-BBA4-BDFE1F9A86C6}.Debug R24|Any CPU.ActiveCfg = Debug|Any CPU
		{9BA0F798-6563-4294-BBA4-BDFE1F9A86C6}.Debug R24|Any CPU.Build.0 = Debug|Any CPU
		{9BA0F798-6563-4294-BBA4-BDFE1F9A86C6}.Debug R22|Any CPU.ActiveCfg = Debug|Any CPU
		{9BA0F798-6563-4294-BBA4-BDFE1F9A86C6}.Debug R22|Any CPU.Build.0 = Debug|Any CPU
		{A5BAB238-39DD-4580-9DCA-18EC2195CF15}.Release|Any CPU.ActiveCfg = Release|Any CPU
		{A5BAB238-39DD-4580-9DCA-18EC2195CF15}.Release|Any CPU.Build.0 = Release|Any CPU
		{A5BAB238-39DD-4580-9DCA-18EC2195CF15}.Debug|Any CPU.ActiveCfg = Debug|Any CPU
		{A5BAB238-39DD-4580-9DCA-18EC2195CF15}.Debug|Any CPU.Build.0 = Debug|Any CPU
		{A5BAB238-39DD-4580-9DCA-18EC2195CF15}.Debug R24|Any CPU.ActiveCfg = Debug|Any CPU
		{A5BAB238-39DD-4580-9DCA-18EC2195CF15}.Debug R24|Any CPU.Build.0 = Debug|Any CPU
		{A5BAB238-39DD-4580-9DCA-18EC2195CF15}.Debug R22|Any CPU.ActiveCfg = Debug|Any CPU
		{A5BAB238-39DD-4580-9DCA-18EC2195CF15}.Debug R22|Any CPU.Build.0 = Debug|Any CPU
		{908F4F0C-330C-40D4-8751-407740553B5A}.Release|Any CPU.ActiveCfg = Release|Any CPU
		{908F4F0C-330C-40D4-8751-407740553B5A}.Release|Any CPU.Build.0 = Release|Any CPU
		{908F4F0C-330C-40D4-8751-407740553B5A}.Debug|Any CPU.ActiveCfg = Debug|Any CPU
		{908F4F0C-330C-40D4-8751-407740553B5A}.Debug|Any CPU.Build.0 = Debug|Any CPU
		{908F4F0C-330C-40D4-8751-407740553B5A}.Debug R24|Any CPU.ActiveCfg = Debug|Any CPU
		{908F4F0C-330C-40D4-8751-407740553B5A}.Debug R24|Any CPU.Build.0 = Debug|Any CPU
		{908F4F0C-330C-40D4-8751-407740553B5A}.Debug R22|Any CPU.ActiveCfg = Debug|Any CPU
		{908F4F0C-330C-40D4-8751-407740553B5A}.Debug R22|Any CPU.Build.0 = Debug|Any CPU
		{4F54DF14-688B-48D6-8FC8-958A37CAC6D2}.Release|Any CPU.ActiveCfg = Release|Any CPU
		{4F54DF14-688B-48D6-8FC8-958A37CAC6D2}.Release|Any CPU.Build.0 = Release|Any CPU
		{4F54DF14-688B-48D6-8FC8-958A37CAC6D2}.Debug|Any CPU.ActiveCfg = Debug|Any CPU
		{4F54DF14-688B-48D6-8FC8-958A37CAC6D2}.Debug|Any CPU.Build.0 = Debug|Any CPU
		{4F54DF14-688B-48D6-8FC8-958A37CAC6D2}.Debug R24|Any CPU.ActiveCfg = Debug|Any CPU
		{4F54DF14-688B-48D6-8FC8-958A37CAC6D2}.Debug R24|Any CPU.Build.0 = Debug|Any CPU
		{4F54DF14-688B-48D6-8FC8-958A37CAC6D2}.Debug R22|Any CPU.ActiveCfg = Debug|Any CPU
		{4F54DF14-688B-48D6-8FC8-958A37CAC6D2}.Debug R22|Any CPU.Build.0 = Debug|Any CPU
	EndGlobalSection
	GlobalSection(SolutionProperties) = preSolution
		HideSolutionNode = FALSE
	EndGlobalSection
	GlobalSection(ExtensibilityGlobals) = postSolution
		SolutionGuid = {1EFBA517-36B4-4893-95AF-3A6EF2CF16BE}
	EndGlobalSection
	GlobalSection(NestedProjects) = preSolution
		{6676418B-F6D2-4BDE-A21A-5DCEDEE0159B} = {B1F4DBB3-A09B-4BC4-9F58-798F52520233}
		{FE6F471F-0F88-4D24-9A6A-EE8BF4A9B0A9} = {B1F4DBB3-A09B-4BC4-9F58-798F52520233}
		{19E5F9C4-0EF9-48C0-8015-A50466E677CE} = {B1F4DBB3-A09B-4BC4-9F58-798F52520233}
		{DF281064-7D13-4E41-8648-FA6EE1073A74} = {B1F4DBB3-A09B-4BC4-9F58-798F52520233}
		{77402C35-F92A-44A9-88E6-8A1A69C80115} = {B1F4DBB3-A09B-4BC4-9F58-798F52520233}
		{55C5F5C9-2E1A-4BE9-8EEF-5C20572BACDB} = {B1F4DBB3-A09B-4BC4-9F58-798F52520233}
		{2706AB72-9DE7-466C-A15A-958391FD1696} = {B1F4DBB3-A09B-4BC4-9F58-798F52520233}
		{902429DC-4147-43FD-B7C8-491A2A399047} = {B1F4DBB3-A09B-4BC4-9F58-798F52520233}
		{07A3CA0B-8684-4B46-964E-28E9369C7367} = {B1F4DBB3-A09B-4BC4-9F58-798F52520233}
		{95A578A1-28B2-4F2C-B7E6-77851340EC8A} = {FFB3DE09-634C-4BE6-8D6D-8D738E9362FB}
		{9BA0F798-6563-4294-BBA4-BDFE1F9A86C6} = {B1F4DBB3-A09B-4BC4-9F58-798F52520233}
		{A5BAB238-39DD-4580-9DCA-18EC2195CF15} = {201C15FB-A2D7-4C9A-ACA2-202BF2C607F4}
		{908F4F0C-330C-40D4-8751-407740553B5A} = {F0ADACA1-61C1-46BD-A172-43DFCA365BB9}
		{40D08074-22B1-498A-8101-86BF1315FFA1} = {201C15FB-A2D7-4C9A-ACA2-202BF2C607F4}
		{4F54DF14-688B-48D6-8FC8-958A37CAC6D2} = {16F0909F-4B74-4415-BC2A-0D522F0BA3B4}
	EndGlobalSection
EndGlobal
